// !$*UTF8*$!
{
	archiveVersion = 1;
	classes = {
	};
	objectVersion = 46;
	objects = {

/* Begin PBXBuildFile section */
		77D502911F3A22B1006119FD /* AppDelegate.swift in Sources */ = {isa = PBXBuildFile; fileRef = 77D502901F3A22B1006119FD /* AppDelegate.swift */; };
		77D502931F3A22B1006119FD /* MasterViewController.swift in Sources */ = {isa = PBXBuildFile; fileRef = 77D502921F3A22B1006119FD /* MasterViewController.swift */; };
		77D502951F3A22B1006119FD /* DetailViewController.swift in Sources */ = {isa = PBXBuildFile; fileRef = 77D502941F3A22B1006119FD /* DetailViewController.swift */; };
		77D502981F3A22B1006119FD /* Main.storyboard in Resources */ = {isa = PBXBuildFile; fileRef = 77D502961F3A22B1006119FD /* Main.storyboard */; };
		77D5029A1F3A22B1006119FD /* Assets.xcassets in Resources */ = {isa = PBXBuildFile; fileRef = 77D502991F3A22B1006119FD /* Assets.xcassets */; };
		77D5029D1F3A22B1006119FD /* LaunchScreen.storyboard in Resources */ = {isa = PBXBuildFile; fileRef = 77D5029B1F3A22B1006119FD /* LaunchScreen.storyboard */; };
/* End PBXBuildFile section */

/* Begin PBXFileReference section */
		77D5028D1F3A22B1006119FD /* AutomationAppium.app */ = {isa = PBXFileReference; explicitFileType = wrapper.application; includeInIndex = 0; path = AutomationAppium.app; sourceTree = BUILT_PRODUCTS_DIR; };
		77D502901F3A22B1006119FD /* AppDelegate.swift */ = {isa = PBXFileReference; lastKnownFileType = sourcecode.swift; path = AppDelegate.swift; sourceTree = "<group>"; };
		77D502921F3A22B1006119FD /* MasterViewController.swift */ = {isa = PBXFileReference; lastKnownFileType = sourcecode.swift; path = MasterViewController.swift; sourceTree = "<group>"; };
		77D502941F3A22B1006119FD /* DetailViewController.swift */ = {isa = PBXFileReference; lastKnownFileType = sourcecode.swift; path = DetailViewController.swift; sourceTree = "<group>"; };
		77D502971F3A22B1006119FD /* Base */ = {isa = PBXFileReference; lastKnownFileType = file.storyboard; name = Base; path = Base.lproj/Main.storyboard; sourceTree = "<group>"; };
		77D502991F3A22B1006119FD /* Assets.xcassets */ = {isa = PBXFileReference; lastKnownFileType = folder.assetcatalog; path = Assets.xcassets; sourceTree = "<group>"; };
		77D5029C1F3A22B1006119FD /* Base */ = {isa = PBXFileReference; lastKnownFileType = file.storyboard; name = Base; path = Base.lproj/LaunchScreen.storyboard; sourceTree = "<group>"; };
		77D5029E1F3A22B1006119FD /* Info.plist */ = {isa = PBXFileReference; lastKnownFileType = text.plist.xml; path = Info.plist; sourceTree = "<group>"; };
/* End PBXFileReference section */

/* Begin PBXFrameworksBuildPhase section */
		77D5028A1F3A22B1006119FD /* Frameworks */ = {
			isa = PBXFrameworksBuildPhase;
			buildActionMask = 2147483647;
			files = (
			);
			runOnlyForDeploymentPostprocessing = 0;
		};
/* End PBXFrameworksBuildPhase section */

/* Begin PBXGroup section */
		77D502841F3A22B1006119FD = {
			isa = PBXGroup;
			children = (
				77D5028F1F3A22B1006119FD /* AutomationAppium */,
				77D5028E1F3A22B1006119FD /* Products */,
			);
			sourceTree = "<group>";
		};
		77D5028E1F3A22B1006119FD /* Products */ = {
			isa = PBXGroup;
			children = (
				77D5028D1F3A22B1006119FD /* AutomationAppium.app */,
			);
			name = Products;
			sourceTree = "<group>";
		};
		77D5028F1F3A22B1006119FD /* AutomationAppium */ = {
			isa = PBXGroup;
			children = (
				77D502901F3A22B1006119FD /* AppDelegate.swift */,
				77D502921F3A22B1006119FD /* MasterViewController.swift */,
				77D502941F3A22B1006119FD /* DetailViewController.swift */,
				77D502961F3A22B1006119FD /* Main.storyboard */,
				77D502991F3A22B1006119FD /* Assets.xcassets */,
				77D5029B1F3A22B1006119FD /* LaunchScreen.storyboard */,
				77D5029E1F3A22B1006119FD /* Info.plist */,
			);
			path = AutomationAppium;
			sourceTree = "<group>";
		};
/* End PBXGroup section */

/* Begin PBXNativeTarget section */
		77D5028C1F3A22B1006119FD /* AutomationAppium */ = {
			isa = PBXNativeTarget;
			buildConfigurationList = 77D502A11F3A22B1006119FD /* Build configuration list for PBXNativeTarget "AutomationAppium" */;
			buildPhases = (
				77D502891F3A22B1006119FD /* Sources */,
				77D5028A1F3A22B1006119FD /* Frameworks */,
				77D5028B1F3A22B1006119FD /* Resources */,
			);
			buildRules = (
			);
			dependencies = (
			);
			name = AutomationAppium;
			productName = AutomationAppium;
			productReference = 77D5028D1F3A22B1006119FD /* AutomationAppium.app */;
			productType = "com.apple.product-type.application";
		};
/* End PBXNativeTarget section */

/* Begin PBXProject section */
		77D502851F3A22B1006119FD /* Project object */ = {
			isa = PBXProject;
			attributes = {
				LastSwiftUpdateCheck = 0830;
				LastUpgradeCheck = 0830;
				ORGANIZATIONNAME = "Gaston Daniel Festa";
				TargetAttributes = {
					77D5028C1F3A22B1006119FD = {
						CreatedOnToolsVersion = 8.3.2;
						ProvisioningStyle = Automatic;
					};
				};
			};
			buildConfigurationList = 77D502881F3A22B1006119FD /* Build configuration list for PBXProject "AutomationAppium" */;
			compatibilityVersion = "Xcode 3.2";
			developmentRegion = English;
			hasScannedForEncodings = 0;
			knownRegions = (
				en,
				Base,
			);
			mainGroup = 77D502841F3A22B1006119FD;
			productRefGroup = 77D5028E1F3A22B1006119FD /* Products */;
			projectDirPath = "";
			projectRoot = "";
			targets = (
				77D5028C1F3A22B1006119FD /* AutomationAppium */,
			);
		};
/* End PBXProject section */

/* Begin PBXResourcesBuildPhase section */
		77D5028B1F3A22B1006119FD /* Resources */ = {
			isa = PBXResourcesBuildPhase;
			buildActionMask = 2147483647;
			files = (
				77D5029D1F3A22B1006119FD /* LaunchScreen.storyboard in Resources */,
				77D5029A1F3A22B1006119FD /* Assets.xcassets in Resources */,
				77D502981F3A22B1006119FD /* Main.storyboard in Resources */,
			);
			runOnlyForDeploymentPostprocessing = 0;
		};
/* End PBXResourcesBuildPhase section */

/* Begin PBXSourcesBuildPhase section */
		77D502891F3A22B1006119FD /* Sources */ = {
			isa = PBXSourcesBuildPhase;
			buildActionMask = 2147483647;
			files = (
				77D502951F3A22B1006119FD /* DetailViewController.swift in Sources */,
				77D502931F3A22B1006119FD /* MasterViewController.swift in Sources */,
				77D502911F3A22B1006119FD /* AppDelegate.swift in Sources */,
			);
			runOnlyForDeploymentPostprocessing = 0;
		};
/* End PBXSourcesBuildPhase section */

/* Begin PBXVariantGroup section */
		77D502961F3A22B1006119FD /* Main.storyboard */ = {
			isa = PBXVariantGroup;
			children = (
				77D502971F3A22B1006119FD /* Base */,
			);
			name = Main.storyboard;
			sourceTree = "<group>";
		};
		77D5029B1F3A22B1006119FD /* LaunchScreen.storyboard */ = {
			isa = PBXVariantGroup;
			children = (
				77D5029C1F3A22B1006119FD /* Base */,
			);
			name = LaunchScreen.storyboard;
			sourceTree = "<group>";
		};
/* End PBXVariantGroup section */

/* Begin XCBuildConfiguration section */
		77D5029F1F3A22B1006119FD /* Debug */ = {
			isa = XCBuildConfiguration;
			buildSettings = {
				ALWAYS_SEARCH_USER_PATHS = NO;
				CLANG_ANALYZER_NONNULL = YES;
				CLANG_ANALYZER_NUMBER_OBJECT_CONVERSION = YES_AGGRESSIVE;
				CLANG_CXX_LANGUAGE_STANDARD = "gnu++0x";
				CLANG_CXX_LIBRARY = "libc++";
				CLANG_ENABLE_MODULES = YES;
				CLANG_ENABLE_OBJC_ARC = YES;
				CLANG_WARN_BOOL_CONVERSION = YES;
				CLANG_WARN_CONSTANT_CONVERSION = YES;
				CLANG_WARN_DIRECT_OBJC_ISA_USAGE = YES_ERROR;
				CLANG_WARN_DOCUMENTATION_COMMENTS = YES;
				CLANG_WARN_EMPTY_BODY = YES;
				CLANG_WARN_ENUM_CONVERSION = YES;
				CLANG_WARN_INFINITE_RECURSION = YES;
				CLANG_WARN_INT_CONVERSION = YES;
				CLANG_WARN_OBJC_ROOT_CLASS = YES_ERROR;
				CLANG_WARN_SUSPICIOUS_MOVE = YES;
				CLANG_WARN_UNREACHABLE_CODE = YES;
				CLANG_WARN__DUPLICATE_METHOD_MATCH = YES;
				"CODE_SIGN_IDENTITY[sdk=iphoneos*]" = "iPhone Developer";
				COPY_PHASE_STRIP = NO;
				DEBUG_INFORMATION_FORMAT = dwarf;
				ENABLE_STRICT_OBJC_MSGSEND = YES;
				ENABLE_TESTABILITY = YES;
				GCC_C_LANGUAGE_STANDARD = gnu99;
				GCC_DYNAMIC_NO_PIC = NO;
				GCC_NO_COMMON_BLOCKS = YES;
				GCC_OPTIMIZATION_LEVEL = 0;
				GCC_PREPROCESSOR_DEFINITIONS = (
					"DEBUG=1",
					"$(inherited)",
				);
				GCC_WARN_64_TO_32_BIT_CONVERSION = YES;
				GCC_WARN_ABOUT_RETURN_TYPE = YES_ERROR;
				GCC_WARN_UNDECLARED_SELECTOR = YES;
				GCC_WARN_UNINITIALIZED_AUTOS = YES_AGGRESSIVE;
				GCC_WARN_UNUSED_FUNCTION = YES;
				GCC_WARN_UNUSED_VARIABLE = YES;
				IPHONEOS_DEPLOYMENT_TARGET = 10.3;
				MTL_ENABLE_DEBUG_INFO = YES;
				ONLY_ACTIVE_ARCH = YES;
				SDKROOT = iphoneos;
				SWIFT_ACTIVE_COMPILATION_CONDITIONS = DEBUG;
				SWIFT_OPTIMIZATION_LEVEL = "-Onone";
				TARGETED_DEVICE_FAMILY = "1,2";
			};
			name = Debug;
		};
		77D502A01F3A22B1006119FD /* Release */ = {
			isa = XCBuildConfiguration;
			buildSettings = {
				ALWAYS_SEARCH_USER_PATHS = NO;
				CLANG_ANALYZER_NONNULL = YES;
				CLANG_ANALYZER_NUMBER_OBJECT_CONVERSION = YES_AGGRESSIVE;
				CLANG_CXX_LANGUAGE_STANDARD = "gnu++0x";
				CLANG_CXX_LIBRARY = "libc++";
				CLANG_ENABLE_MODULES = YES;
				CLANG_ENABLE_OBJC_ARC = YES;
				CLANG_WARN_BOOL_CONVERSION = YES;
				CLANG_WARN_CONSTANT_CONVERSION = YES;
				CLANG_WARN_DIRECT_OBJC_ISA_USAGE = YES_ERROR;
				CLANG_WARN_DOCUMENTATION_COMMENTS = YES;
				CLANG_WARN_EMPTY_BODY = YES;
				CLANG_WARN_ENUM_CONVERSION = YES;
				CLANG_WARN_INFINITE_RECURSION = YES;
				CLANG_WARN_INT_CONVERSION = YES;
				CLANG_WARN_OBJC_ROOT_CLASS = YES_ERROR;
				CLANG_WARN_SUSPICIOUS_MOVE = YES;
				CLANG_WARN_UNREACHABLE_CODE = YES;
				CLANG_WARN__DUPLICATE_METHOD_MATCH = YES;
				"CODE_SIGN_IDENTITY[sdk=iphoneos*]" = "iPhone Developer";
				COPY_PHASE_STRIP = NO;
				DEBUG_INFORMATION_FORMAT = "dwarf-with-dsym";
				ENABLE_NS_ASSERTIONS = NO;
				ENABLE_STRICT_OBJC_MSGSEND = YES;
				GCC_C_LANGUAGE_STANDARD = gnu99;
				GCC_NO_COMMON_BLOCKS = YES;
				GCC_WARN_64_TO_32_BIT_CONVERSION = YES;
				GCC_WARN_ABOUT_RETURN_TYPE = YES_ERROR;
				GCC_WARN_UNDECLARED_SELECTOR = YES;
				GCC_WARN_UNINITIALIZED_AUTOS = YES_AGGRESSIVE;
				GCC_WARN_UNUSED_FUNCTION = YES;
				GCC_WARN_UNUSED_VARIABLE = YES;
				IPHONEOS_DEPLOYMENT_TARGET = 10.3;
				MTL_ENABLE_DEBUG_INFO = NO;
				SDKROOT = iphoneos;
				SWIFT_OPTIMIZATION_LEVEL = "-Owholemodule";
				TARGETED_DEVICE_FAMILY = "1,2";
				VALIDATE_PRODUCT = YES;
			};
			name = Release;
		};
		77D502A21F3A22B1006119FD /* Debug */ = {
			isa = XCBuildConfiguration;
			buildSettings = {
				ASSETCATALOG_COMPILER_APPICON_NAME = AppIcon;
				INFOPLIST_FILE = AutomationAppium/Info.plist;
				LD_RUNPATH_SEARCH_PATHS = "$(inherited) @executable_path/Frameworks";
				PRODUCT_BUNDLE_IDENTIFIER = com.gdfesta.AutomationAppium;
				PRODUCT_NAME = "$(TARGET_NAME)";
				SWIFT_VERSION = 3.0;
			};
			name = Debug;
		};
		77D502A31F3A22B1006119FD /* Release */ = {
			isa = XCBuildConfiguration;
			buildSettings = {
				ASSETCATALOG_COMPILER_APPICON_NAME = AppIcon;
				INFOPLIST_FILE = AutomationAppium/Info.plist;
				LD_RUNPATH_SEARCH_PATHS = "$(inherited) @executable_path/Frameworks";
				PRODUCT_BUNDLE_IDENTIFIER = com.gdfesta.AutomationAppium;
				PRODUCT_NAME = "$(TARGET_NAME)";
				SWIFT_VERSION = 3.0;
			};
			name = Release;
		};
/* End XCBuildConfiguration section */

/* Begin XCConfigurationList section */
		77D502881F3A22B1006119FD /* Build configuration list for PBXProject "AutomationAppium" */ = {
			isa = XCConfigurationList;
			buildConfigurations = (
				77D5029F1F3A22B1006119FD /* Debug */,
				77D502A01F3A22B1006119FD /* Release */,
			);
			defaultConfigurationIsVisible = 0;
			defaultConfigurationName = Release;
		};
		77D502A11F3A22B1006119FD /* Build configuration list for PBXNativeTarget "AutomationAppium" */ = {
			isa = XCConfigurationList;
			buildConfigurations = (
				77D502A21F3A22B1006119FD /* Debug */,
				77D502A31F3A22B1006119FD /* Release */,
			);
			defaultConfigurationIsVisible = 0;
		};
/* End XCConfigurationList section */
	};
	rootObject = 77D502851F3A22B1006119FD /* Project object */;
}
